
Terraform used the selected providers to generate the following execution
plan. Resource actions are indicated with the following symbols:
  + create

Terraform will perform the following actions:

  # aws_dynamodb_table.default-tags-add will be created
  + resource "aws_dynamodb_table" "default-tags-add" {
      + arn              = (known after apply)
      + billing_mode     = "PAY_PER_REQUEST"
      + hash_key         = "KeyId"
      + id               = (known after apply)
      + name             = "default-tags-add"
      + stream_arn       = (known after apply)
      + stream_label     = (known after apply)
      + stream_view_type = (known after apply)
      + tags             = {
          + "cost-center" = "Rocket Insights Billing"
          + "project"     = "Project Override"
        }
      + tags_all         = {
          + "cost-center"         = "Rocket Insights Billing"
          + "owner"               = "Rocket Insights"
          + "project"             = "Project Override"
          + "terraform-base-path" = "terraform-blog-default-tags/default-tags-tf1.0"
        }

      + attribute {
          + name = "KeyId"
          + type = "S"
        }

      + point_in_time_recovery {
          + enabled = (known after apply)
        }

      + server_side_encryption {
          + enabled     = (known after apply)
          + kms_key_arn = (known after apply)
        }
    }

  # aws_dynamodb_table.default-tags-alternate will be created
  + resource "aws_dynamodb_table" "default-tags-alternate" {
      + arn              = (known after apply)
      + billing_mode     = "PAY_PER_REQUEST"
      + hash_key         = "KeyId"
      + id               = (known after apply)
      + name             = "default-tags-alternate"
      + stream_arn       = (known after apply)
      + stream_label     = (known after apply)
      + stream_view_type = (known after apply)
      + tags_all         = {
          + "app-id" = "Terraform Default Tags"
          + "owner"  = "Alt Owner"
        }

      + attribute {
          + name = "KeyId"
          + type = "S"
        }

      + point_in_time_recovery {
          + enabled = (known after apply)
        }

      + server_side_encryption {
          + enabled     = (known after apply)
          + kms_key_arn = (known after apply)
        }
    }

  # aws_dynamodb_table.default-tags-basic will be created
  + resource "aws_dynamodb_table" "default-tags-basic" {
      + arn              = (known after apply)
      + billing_mode     = "PAY_PER_REQUEST"
      + hash_key         = "KeyId"
      + id               = (known after apply)
      + name             = "default-tags-basic"
      + stream_arn       = (known after apply)
      + stream_label     = (known after apply)
      + stream_view_type = (known after apply)
      + tags_all         = {
          + "owner"               = "Rocket Insights"
          + "project"             = "Project A"
          + "terraform-base-path" = "terraform-blog-default-tags/default-tags-tf1.0"
        }

      + attribute {
          + name = "KeyId"
          + type = "S"
        }

      + point_in_time_recovery {
          + enabled = (known after apply)
        }

      + server_side_encryption {
          + enabled     = (known after apply)
          + kms_key_arn = (known after apply)
        }
    }

  # module.default-and-alternate-tags-dynamodb.aws_dynamodb_table.default-and-alternate-tags-module-alternate will be created
  + resource "aws_dynamodb_table" "default-and-alternate-tags-module-alternate" {
      + arn              = (known after apply)
      + billing_mode     = "PAY_PER_REQUEST"
      + hash_key         = "KeyId"
      + id               = (known after apply)
      + name             = "default-and-alternate-tags-module-alternate"
      + stream_arn       = (known after apply)
      + stream_label     = (known after apply)
      + stream_view_type = (known after apply)
      + tags_all         = {
          + "app-id" = "Terraform Default Tags"
          + "owner"  = "Alt Owner"
        }

      + attribute {
          + name = "KeyId"
          + type = "S"
        }

      + point_in_time_recovery {
          + enabled = (known after apply)
        }

      + server_side_encryption {
          + enabled     = (known after apply)
          + kms_key_arn = (known after apply)
        }
    }

  # module.default-and-alternate-tags-dynamodb.aws_dynamodb_table.default-and-alternate-tags-module-basic will be created
  + resource "aws_dynamodb_table" "default-and-alternate-tags-module-basic" {
      + arn              = (known after apply)
      + billing_mode     = "PAY_PER_REQUEST"
      + hash_key         = "KeyId"
      + id               = (known after apply)
      + name             = "default-and-alternate-tags-module-basic"
      + stream_arn       = (known after apply)
      + stream_label     = (known after apply)
      + stream_view_type = (known after apply)
      + tags_all         = {
          + "owner"               = "Rocket Insights"
          + "project"             = "Project A"
          + "terraform-base-path" = "terraform-blog-default-tags/default-tags-tf1.0"
        }

      + attribute {
          + name = "KeyId"
          + type = "S"
        }

      + point_in_time_recovery {
          + enabled = (known after apply)
        }

      + server_side_encryption {
          + enabled     = (known after apply)
          + kms_key_arn = (known after apply)
        }
    }

  # module.default-tags-dynamodb.aws_dynamodb_table.default-tags-module will be created
  + resource "aws_dynamodb_table" "default-tags-module" {
      + arn              = (known after apply)
      + billing_mode     = "PAY_PER_REQUEST"
      + hash_key         = "KeyId"
      + id               = (known after apply)
      + name             = "default-tags-module-basic"
      + stream_arn       = (known after apply)
      + stream_label     = (known after apply)
      + stream_view_type = (known after apply)
      + tags_all         = {
          + "owner"               = "Rocket Insights"
          + "project"             = "Project A"
          + "terraform-base-path" = "terraform-blog-default-tags/default-tags-tf1.0"
        }

      + attribute {
          + name = "KeyId"
          + type = "S"
        }

      + point_in_time_recovery {
          + enabled = (known after apply)
        }

      + server_side_encryption {
          + enabled     = (known after apply)
          + kms_key_arn = (known after apply)
        }
    }

  # module.default-tags-dynamodb-add.aws_dynamodb_table.default-tags-module-add will be created
  + resource "aws_dynamodb_table" "default-tags-module-add" {
      + arn              = (known after apply)
      + billing_mode     = "PAY_PER_REQUEST"
      + hash_key         = "KeyId"
      + id               = (known after apply)
      + name             = "default-tags-module-add"
      + stream_arn       = (known after apply)
      + stream_label     = (known after apply)
      + stream_view_type = (known after apply)
      + tags             = {
          + "app-purpose"           = "Adding Module Tags"
          + "terraform-module-path" = "tfmodules/default-tags-dynamodb-add"
        }
      + tags_all         = {
          + "app-purpose"           = "Adding Module Tags"
          + "owner"                 = "Rocket Insights"
          + "project"               = "Project A"
          + "terraform-base-path"   = "terraform-blog-default-tags/default-tags-tf1.0"
          + "terraform-module-path" = "tfmodules/default-tags-dynamodb-add"
        }

      + attribute {
          + name = "KeyId"
          + type = "S"
        }

      + point_in_time_recovery {
          + enabled = (known after apply)
        }

      + server_side_encryption {
          + enabled     = (known after apply)
          + kms_key_arn = (known after apply)
        }
    }

  # module.default-tags-dynamodb-alternate.aws_dynamodb_table.default-tags-module will be created
  + resource "aws_dynamodb_table" "default-tags-module" {
      + arn              = (known after apply)
      + billing_mode     = "PAY_PER_REQUEST"
      + hash_key         = "KeyId"
      + id               = (known after apply)
      + name             = "default-tags-module-alternate"
      + stream_arn       = (known after apply)
      + stream_label     = (known after apply)
      + stream_view_type = (known after apply)
      + tags_all         = {
          + "app-id" = "Terraform Default Tags"
          + "owner"  = "Alt Owner"
        }

      + attribute {
          + name = "KeyId"
          + type = "S"
        }

      + point_in_time_recovery {
          + enabled = (known after apply)
        }

      + server_side_encryption {
          + enabled     = (known after apply)
          + kms_key_arn = (known after apply)
        }
    }

Plan: 8 to add, 0 to change, 0 to destroy.

─────────────────────────────────────────────────────────────────────────────

Note: You didn't use the -out option to save this plan, so Terraform can't
guarantee to take exactly these actions if you run "terraform apply" now.
